
Microsoft Visual Studio Solution File, Format Version 12.00
# Visual Studio Version 17
VisualStudioVersion = 17.4.33205.214
MinimumVisualStudioVersion = 10.0.40219.1
Project("{FAE04EC0-301F-11D3-BF4B-00C04F79EFBC}") = "CalculatorAdvanced", "CalculatorAdvanced\CalculatorAdvanced.csproj", "{A24EAB8C-676F-40C1-B4EE-D350E47628E6}"
EndProject
Global
	GlobalSection(SolutionConfigurationPlatforms) = preSolution
		Debug|Any CPU = Debug|Any CPU
		Release|Any CPU = Release|Any CPU
	EndGlobalSection
	GlobalSection(ProjectConfigurationPlatforms) = postSolution
		{A24EAB8C-676F-40C1-B4EE-D350E47628E6}.Debug|Any CPU.ActiveCfg = Debug|Any CPU
		{A24EAB8C-676F-40C1-B4EE-D350E47628E6}.Debug|Any CPU.Build.0 = Debug|Any CPU
		{A24EAB8C-676F-40C1-B4EE-D350E47628E6}.Release|Any CPU.ActiveCfg = Release|Any CPU
		{A24EAB8C-676F-40C1-B4EE-D350E47628E6}.Release|Any CPU.Build.0 = Release|Any CPU
	EndGlobalSection
	GlobalSection(SolutionProperties) = preSolution
		HideSolutionNode = FALSE
	EndGlobalSection
	GlobalSection(ExtensibilityGlobals) = postSolution
		SolutionGuid = {F18F2DB1-2DF6-4E5B-AF72-73E9296DFC43}
	EndGlobalSection
EndGlobal
